
Microsoft Visual Studio Solution File, Format Version 12.00
# Visual Studio Version 16
VisualStudioVersion = 16.0.30804.86
MinimumVisualStudioVersion = 10.0.40219.1
Project("{8BC9CEB8-8B4A-11D0-8D11-00A0C91BC942}") = "VectorExe", "VectorExe.vcxproj", "{ECAAF8A2-5702-4DEF-8FD7-0B5305789B27}"
EndProject
Global
	GlobalSection(SolutionConfigurationPlatforms) = preSolution
		Debug|x64 = Debug|x64
		Debug|x86 = Debug|x86
		Release|x64 = Release|x64
		Release|x86 = Release|x86
	EndGlobalSection
	GlobalSection(ProjectConfigurationPlatforms) = postSolution
		{ECAAF8A2-5702-4DEF-8FD7-0B5305789B27}.Debug|x64.ActiveCfg = Debug|x64
		{ECAAF8A2-5702-4DEF-8FD7-0B5305789B27}.Debug|x64.Build.0 = Debug|x64
		{ECAAF8A2-5702-4DEF-8FD7-0B5305789B27}.Debug|x86.ActiveCfg = Debug|Win32
		{ECAAF8A2-5702-4DEF-8FD7-0B5305789B27}.Debug|x86.Build.0 = Debug|Win32
		{ECAAF8A2-5702-4DEF-8FD7-0B5305789B27}.Release|x64.ActiveCfg = Release|x64
		{ECAAF8A2-5702-4DEF-8FD7-0B5305789B27}.Release|x64.Build.0 = Release|x64
		{ECAAF8A2-5702-4DEF-8FD7-0B5305789B27}.Release|x86.ActiveCfg = Release|Win32
		{ECAAF8A2-5702-4DEF-8FD7-0B5305789B27}.Release|x86.Build.0 = Release|Win32
	EndGlobalSection
	GlobalSection(SolutionProperties) = preSolution
		HideSolutionNode = FALSE
	EndGlobalSection
	GlobalSection(ExtensibilityGlobals) = postSolution
		SolutionGuid = {60F1821F-90FB-46BE-94CC-7C8C621292D6}
	EndGlobalSection
EndGlobal
